// !$*UTF8*$!
{
	archiveVersion = 1;
	classes = {
	};
	objectVersion = 48;
	objects = {

/* Begin PBXBuildFile section */
		055EF4711EFBE78100E610CF /* STDThreadKit.framework in Frameworks */ = {isa = PBXBuildFile; fileRef = 055EF4671EFBE78100E610CF /* STDThreadKit.framework */; };
		055EF4AA1EFBE83E00E610CF /* STDThread.swift in Sources */ = {isa = PBXBuildFile; fileRef = 055EF4A61EFBE83B00E610CF /* STDThread.swift */; };
		05B3A0471F003CE100524F81 /* STDThread.h in Headers */ = {isa = PBXBuildFile; fileRef = 05B3A0451F003CDD00524F81 /* STDThread.h */; settings = {ATTRIBUTES = (Public, ); }; };
		05B3A0481F003CE500524F81 /* STDThread.mm in Sources */ = {isa = PBXBuildFile; fileRef = 05B3A0441F003CDD00524F81 /* STDThread.mm */; };
		05B3A0491F003CE800524F81 /* STDThreadKit.h in Headers */ = {isa = PBXBuildFile; fileRef = 05B3A0461F003CDD00524F81 /* STDThreadKit.h */; settings = {ATTRIBUTES = (Public, ); }; };
/* End PBXBuildFile section */

/* Begin PBXContainerItemProxy section */
		055EF4721EFBE78100E610CF /* PBXContainerItemProxy */ = {
			isa = PBXContainerItemProxy;
			containerPortal = 055EF45E1EFBE78100E610CF /* Project object */;
			proxyType = 1;
			remoteGlobalIDString = 055EF4661EFBE78100E610CF;
			remoteInfo = AtomicKit;
		};
/* End PBXContainerItemProxy section */

/* Begin PBXFileReference section */
		052EF6111EFD540F009E9A05 /* Info.plist */ = {isa = PBXFileReference; lastKnownFileType = text.plist.xml; path = Info.plist; sourceTree = "<group>"; };
		0551EAFE1EFC25D900D137B9 /* LICENSE */ = {isa = PBXFileReference; lastKnownFileType = text; path = LICENSE; sourceTree = "<group>"; };
		0551EAFF1EFC25D900D137B9 /* README.md */ = {isa = PBXFileReference; lastKnownFileType = net.daringfireball.markdown; path = README.md; sourceTree = "<group>"; };
		0554F920227A03BE00A6D652 /* Release - ccache.xcconfig */ = {isa = PBXFileReference; lastKnownFileType = text.xcconfig; path = "Release - ccache.xcconfig"; sourceTree = "<group>"; };
		0554F921227A03BE00A6D652 /* Common.xcconfig */ = {isa = PBXFileReference; lastKnownFileType = text.xcconfig; path = Common.xcconfig; sourceTree = "<group>"; };
		0554F922227A03BE00A6D652 /* Debug - ccache.xcconfig */ = {isa = PBXFileReference; lastKnownFileType = text.xcconfig; path = "Debug - ccache.xcconfig"; sourceTree = "<group>"; };
		0554F923227A03BE00A6D652 /* Debug.xcconfig */ = {isa = PBXFileReference; lastKnownFileType = text.xcconfig; path = Debug.xcconfig; sourceTree = "<group>"; };
		0554F924227A03BE00A6D652 /* Release.xcconfig */ = {isa = PBXFileReference; lastKnownFileType = text.xcconfig; path = Release.xcconfig; sourceTree = "<group>"; };
		0554F925227A03BE00A6D652 /* README.md */ = {isa = PBXFileReference; lastKnownFileType = net.daringfireball.markdown; path = README.md; sourceTree = "<group>"; };
		0554F927227A03BE00A6D652 /* Signing.xcconfig */ = {isa = PBXFileReference; lastKnownFileType = text.xcconfig; path = Signing.xcconfig; sourceTree = "<group>"; };
		0554F928227A03BE00A6D652 /* Architectures.xcconfig */ = {isa = PBXFileReference; lastKnownFileType = text.xcconfig; path = Architectures.xcconfig; sourceTree = "<group>"; };
		0554F92A227A03BE00A6D652 /* Issues.xcconfig */ = {isa = PBXFileReference; lastKnownFileType = text.xcconfig; path = Issues.xcconfig; sourceTree = "<group>"; };
		0554F92C227A03BE00A6D652 /* Apple-APIs.xcconfig */ = {isa = PBXFileReference; lastKnownFileType = text.xcconfig; path = "Apple-APIs.xcconfig"; sourceTree = "<group>"; };
		0554F92D227A03BE00A6D652 /* Generic-Issues.xcconfig */ = {isa = PBXFileReference; lastKnownFileType = text.xcconfig; path = "Generic-Issues.xcconfig"; sourceTree = "<group>"; };
		0554F92E227A03BE00A6D652 /* Security.xcconfig */ = {isa = PBXFileReference; lastKnownFileType = text.xcconfig; path = Security.xcconfig; sourceTree = "<group>"; };
		0554F92F227A03BE00A6D652 /* Objective-C.xcconfig */ = {isa = PBXFileReference; lastKnownFileType = text.xcconfig; path = "Objective-C.xcconfig"; sourceTree = "<group>"; };
		0554F930227A03BE00A6D652 /* Analysis-Policy.xcconfig */ = {isa = PBXFileReference; lastKnownFileType = text.xcconfig; path = "Analysis-Policy.xcconfig"; sourceTree = "<group>"; };
		0554F931227A03BE00A6D652 /* Deployment.xcconfig */ = {isa = PBXFileReference; lastKnownFileType = text.xcconfig; path = Deployment.xcconfig; sourceTree = "<group>"; };
		0554F932227A03BE00A6D652 /* Build-Options.xcconfig */ = {isa = PBXFileReference; lastKnownFileType = text.xcconfig; path = "Build-Options.xcconfig"; sourceTree = "<group>"; };
		0554F933227A03BE00A6D652 /* Swift-Compiler.xcconfig */ = {isa = PBXFileReference; lastKnownFileType = text.xcconfig; path = "Swift-Compiler.xcconfig"; sourceTree = "<group>"; };
		0554F934227A03BE00A6D652 /* Static-Analyzer.xcconfig */ = {isa = PBXFileReference; lastKnownFileType = text.xcconfig; path = "Static-Analyzer.xcconfig"; sourceTree = "<group>"; };
		0554F936227A03BE00A6D652 /* Warnings-Policies.xcconfig */ = {isa = PBXFileReference; lastKnownFileType = text.xcconfig; path = "Warnings-Policies.xcconfig"; sourceTree = "<group>"; };
		0554F937227A03BE00A6D652 /* Code-Generation.xcconfig */ = {isa = PBXFileReference; lastKnownFileType = text.xcconfig; path = "Code-Generation.xcconfig"; sourceTree = "<group>"; };
		0554F938227A03BE00A6D652 /* Language.xcconfig */ = {isa = PBXFileReference; lastKnownFileType = text.xcconfig; path = Language.xcconfig; sourceTree = "<group>"; };
		0554F939227A03BE00A6D652 /* General.xcconfig */ = {isa = PBXFileReference; lastKnownFileType = text.xcconfig; path = General.xcconfig; sourceTree = "<group>"; };
		0554F93A227A03BE00A6D652 /* Search-Paths.xcconfig */ = {isa = PBXFileReference; lastKnownFileType = text.xcconfig; path = "Search-Paths.xcconfig"; sourceTree = "<group>"; };
		0554F93B227A03BE00A6D652 /* Apple-LLVM.xcconfig */ = {isa = PBXFileReference; lastKnownFileType = text.xcconfig; path = "Apple-LLVM.xcconfig"; sourceTree = "<group>"; };
		0554F93E227A03BE00A6D652 /* Modules.xcconfig */ = {isa = PBXFileReference; lastKnownFileType = text.xcconfig; path = Modules.xcconfig; sourceTree = "<group>"; };
		0554F93F227A03BE00A6D652 /* Objective-C.xcconfig */ = {isa = PBXFileReference; lastKnownFileType = text.xcconfig; path = "Objective-C.xcconfig"; sourceTree = "<group>"; };
		0554F940227A03BE00A6D652 /* C++.xcconfig */ = {isa = PBXFileReference; lastKnownFileType = text.xcconfig; path = "C++.xcconfig"; sourceTree = "<group>"; };
		0554F941227A03BE00A6D652 /* Code-Generation.xcconfig */ = {isa = PBXFileReference; lastKnownFileType = text.xcconfig; path = "Code-Generation.xcconfig"; sourceTree = "<group>"; };
		0554F942227A03BE00A6D652 /* Address-Sanitizer.xcconfig */ = {isa = PBXFileReference; lastKnownFileType = text.xcconfig; path = "Address-Sanitizer.xcconfig"; sourceTree = "<group>"; };
		0554F943227A03BE00A6D652 /* Language.xcconfig */ = {isa = PBXFileReference; lastKnownFileType = text.xcconfig; path = Language.xcconfig; sourceTree = "<group>"; };
		0554F944227A03BE00A6D652 /* Warnings.xcconfig */ = {isa = PBXFileReference; lastKnownFileType = text.xcconfig; path = Warnings.xcconfig; sourceTree = "<group>"; };
		0554F945227A03BE00A6D652 /* Undefined-Behavior-Sanitizer.xcconfig */ = {isa = PBXFileReference; lastKnownFileType = text.xcconfig; path = "Undefined-Behavior-Sanitizer.xcconfig"; sourceTree = "<group>"; };
		0554F946227A03BE00A6D652 /* Warning-Policies.xcconfig */ = {isa = PBXFileReference; lastKnownFileType = text.xcconfig; path = "Warning-Policies.xcconfig"; sourceTree = "<group>"; };
		0554F948227A03BE00A6D652 /* Objective-C-ARC.xcconfig */ = {isa = PBXFileReference; lastKnownFileType = text.xcconfig; path = "Objective-C-ARC.xcconfig"; sourceTree = "<group>"; };
		0554F949227A03BE00A6D652 /* Objective-C.xcconfig */ = {isa = PBXFileReference; lastKnownFileType = text.xcconfig; path = "Objective-C.xcconfig"; sourceTree = "<group>"; };
		0554F94A227A03BE00A6D652 /* C++.xcconfig */ = {isa = PBXFileReference; lastKnownFileType = text.xcconfig; path = "C++.xcconfig"; sourceTree = "<group>"; };
		0554F94B227A03BE00A6D652 /* All-Languages.xcconfig */ = {isa = PBXFileReference; lastKnownFileType = text.xcconfig; path = "All-Languages.xcconfig"; sourceTree = "<group>"; };
		0554F94C227A03BE00A6D652 /* Preprocessing.xcconfig */ = {isa = PBXFileReference; lastKnownFileType = text.xcconfig; path = Preprocessing.xcconfig; sourceTree = "<group>"; };
		0554F94D227A03BE00A6D652 /* .gitignore */ = {isa = PBXFileReference; lastKnownFileType = text; path = .gitignore; sourceTree = "<group>"; };
		0554F94F227A03BE00A6D652 /* ccache-config.sh */ = {isa = PBXFileReference; lastKnownFileType = text.script.sh; path = "ccache-config.sh"; sourceTree = "<group>"; };
		0554F950227A03BE00A6D652 /* ccache.sh */ = {isa = PBXFileReference; lastKnownFileType = text.script.sh; path = ccache.sh; sourceTree = "<group>"; };
		055EF4671EFBE78100E610CF /* STDThreadKit.framework */ = {isa = PBXFileReference; explicitFileType = wrapper.framework; includeInIndex = 0; path = STDThreadKit.framework; sourceTree = BUILT_PRODUCTS_DIR; };
		055EF46B1EFBE78100E610CF /* Info.plist */ = {isa = PBXFileReference; lastKnownFileType = text.plist.xml; path = Info.plist; sourceTree = "<group>"; };
		055EF4701EFBE78100E610CF /* STDThreadKitTests.xctest */ = {isa = PBXFileReference; explicitFileType = wrapper.cfbundle; includeInIndex = 0; path = STDThreadKitTests.xctest; sourceTree = BUILT_PRODUCTS_DIR; };
		055EF4A61EFBE83B00E610CF /* STDThread.swift */ = {isa = PBXFileReference; lastKnownFileType = sourcecode.swift; path = STDThread.swift; sourceTree = "<group>"; };
		05B3A0411F0032BC00524F81 /* Makefile */ = {isa = PBXFileReference; lastKnownFileType = sourcecode.make; path = Makefile; sourceTree = "<group>"; };
		05B3A0441F003CDD00524F81 /* STDThread.mm */ = {isa = PBXFileReference; lastKnownFileType = sourcecode.cpp.objcpp; path = STDThread.mm; sourceTree = "<group>"; };
		05B3A0451F003CDD00524F81 /* STDThread.h */ = {isa = PBXFileReference; lastKnownFileType = sourcecode.c.h; path = STDThread.h; sourceTree = "<group>"; };
		05B3A0461F003CDD00524F81 /* STDThreadKit.h */ = {isa = PBXFileReference; lastKnownFileType = sourcecode.c.h; path = STDThreadKit.h; sourceTree = "<group>"; };
		05B3A04A1F003D0F00524F81 /* jazzy.yml */ = {isa = PBXFileReference; lastKnownFileType = text; path = jazzy.yml; sourceTree = "<group>"; };
/* End PBXFileReference section */

/* Begin PBXFrameworksBuildPhase section */
		055EF4631EFBE78100E610CF /* Frameworks */ = {
			isa = PBXFrameworksBuildPhase;
			buildActionMask = 2147483647;
			files = (
			);
			runOnlyForDeploymentPostprocessing = 0;
		};
		055EF46D1EFBE78100E610CF /* Frameworks */ = {
			isa = PBXFrameworksBuildPhase;
			buildActionMask = 2147483647;
			files = (
				055EF4711EFBE78100E610CF /* STDThreadKit.framework in Frameworks */,
			);
			runOnlyForDeploymentPostprocessing = 0;
		};
/* End PBXFrameworksBuildPhase section */

/* Begin PBXGroup section */
		0554F91F227A03BE00A6D652 /* xcconfig */ = {
			isa = PBXGroup;
			children = (
				0554F920227A03BE00A6D652 /* Release - ccache.xcconfig */,
				0554F921227A03BE00A6D652 /* Common.xcconfig */,
				0554F922227A03BE00A6D652 /* Debug - ccache.xcconfig */,
				0554F923227A03BE00A6D652 /* Debug.xcconfig */,
				0554F924227A03BE00A6D652 /* Release.xcconfig */,
				0554F925227A03BE00A6D652 /* README.md */,
				0554F926227A03BE00A6D652 /* Common */,
				0554F94D227A03BE00A6D652 /* .gitignore */,
				0554F94E227A03BE00A6D652 /* Scripts */,
			);
			name = xcconfig;
			path = Submodules/xcconfig;
			sourceTree = "<group>";
		};
		0554F926227A03BE00A6D652 /* Common */ = {
			isa = PBXGroup;
			children = (
				0554F927227A03BE00A6D652 /* Signing.xcconfig */,
				0554F928227A03BE00A6D652 /* Architectures.xcconfig */,
				0554F929227A03BE00A6D652 /* Static-Analyzer */,
				0554F931227A03BE00A6D652 /* Deployment.xcconfig */,
				0554F932227A03BE00A6D652 /* Build-Options.xcconfig */,
				0554F933227A03BE00A6D652 /* Swift-Compiler.xcconfig */,
				0554F934227A03BE00A6D652 /* Static-Analyzer.xcconfig */,
				0554F935227A03BE00A6D652 /* Swift-Compiler */,
				0554F93A227A03BE00A6D652 /* Search-Paths.xcconfig */,
				0554F93B227A03BE00A6D652 /* Apple-LLVM.xcconfig */,
				0554F93C227A03BE00A6D652 /* Apple-LLVM */,
			);
			path = Common;
			sourceTree = "<group>";
		};
		0554F929227A03BE00A6D652 /* Static-Analyzer */ = {
			isa = PBXGroup;
			children = (
				0554F92A227A03BE00A6D652 /* Issues.xcconfig */,
				0554F92B227A03BE00A6D652 /* Issues */,
			);
			path = "Static-Analyzer";
			sourceTree = "<group>";
		};
		0554F92B227A03BE00A6D652 /* Issues */ = {
			isa = PBXGroup;
			children = (
				0554F92C227A03BE00A6D652 /* Apple-APIs.xcconfig */,
				0554F92D227A03BE00A6D652 /* Generic-Issues.xcconfig */,
				0554F92E227A03BE00A6D652 /* Security.xcconfig */,
				0554F92F227A03BE00A6D652 /* Objective-C.xcconfig */,
				0554F930227A03BE00A6D652 /* Analysis-Policy.xcconfig */,
			);
			path = Issues;
			sourceTree = "<group>";
		};
		0554F935227A03BE00A6D652 /* Swift-Compiler */ = {
			isa = PBXGroup;
			children = (
				0554F936227A03BE00A6D652 /* Warnings-Policies.xcconfig */,
				0554F937227A03BE00A6D652 /* Code-Generation.xcconfig */,
				0554F938227A03BE00A6D652 /* Language.xcconfig */,
				0554F939227A03BE00A6D652 /* General.xcconfig */,
			);
			path = "Swift-Compiler";
			sourceTree = "<group>";
		};
		0554F93C227A03BE00A6D652 /* Apple-LLVM */ = {
			isa = PBXGroup;
			children = (
				0554F93D227A03BE00A6D652 /* Language */,
				0554F941227A03BE00A6D652 /* Code-Generation.xcconfig */,
				0554F942227A03BE00A6D652 /* Address-Sanitizer.xcconfig */,
				0554F943227A03BE00A6D652 /* Language.xcconfig */,
				0554F944227A03BE00A6D652 /* Warnings.xcconfig */,
				0554F945227A03BE00A6D652 /* Undefined-Behavior-Sanitizer.xcconfig */,
				0554F946227A03BE00A6D652 /* Warning-Policies.xcconfig */,
				0554F947227A03BE00A6D652 /* Warnings */,
				0554F94C227A03BE00A6D652 /* Preprocessing.xcconfig */,
			);
			path = "Apple-LLVM";
			sourceTree = "<group>";
		};
		0554F93D227A03BE00A6D652 /* Language */ = {
			isa = PBXGroup;
			children = (
				0554F93E227A03BE00A6D652 /* Modules.xcconfig */,
				0554F93F227A03BE00A6D652 /* Objective-C.xcconfig */,
				0554F940227A03BE00A6D652 /* C++.xcconfig */,
			);
			path = Language;
			sourceTree = "<group>";
		};
		0554F947227A03BE00A6D652 /* Warnings */ = {
			isa = PBXGroup;
			children = (
				0554F948227A03BE00A6D652 /* Objective-C-ARC.xcconfig */,
				0554F949227A03BE00A6D652 /* Objective-C.xcconfig */,
				0554F94A227A03BE00A6D652 /* C++.xcconfig */,
				0554F94B227A03BE00A6D652 /* All-Languages.xcconfig */,
			);
			path = Warnings;
			sourceTree = "<group>";
		};
		0554F94E227A03BE00A6D652 /* Scripts */ = {
			isa = PBXGroup;
			children = (
				0554F94F227A03BE00A6D652 /* ccache-config.sh */,
				0554F950227A03BE00A6D652 /* ccache.sh */,
			);
			path = Scripts;
			sourceTree = "<group>";
		};
		055EF45D1EFBE78100E610CF = {
			isa = PBXGroup;
			children = (
				0551EAFE1EFC25D900D137B9 /* LICENSE */,
				0551EAFF1EFC25D900D137B9 /* README.md */,
				0554F91F227A03BE00A6D652 /* xcconfig */,
				055EF4691EFBE78100E610CF /* STDThreadKit */,
				055EF4741EFBE78100E610CF /* STDThreadKitTests */,
				05B3A0401F0032BC00524F81 /* Documentation */,
				055EF4681EFBE78100E610CF /* Products */,
			);
			sourceTree = "<group>";
		};
		055EF4681EFBE78100E610CF /* Products */ = {
			isa = PBXGroup;
			children = (
				055EF4671EFBE78100E610CF /* STDThreadKit.framework */,
				055EF4701EFBE78100E610CF /* STDThreadKitTests.xctest */,
			);
			name = Products;
			sourceTree = "<group>";
		};
		055EF4691EFBE78100E610CF /* STDThreadKit */ = {
			isa = PBXGroup;
			children = (
				05B3A0451F003CDD00524F81 /* STDThread.h */,
				05B3A0441F003CDD00524F81 /* STDThread.mm */,
				05B3A0461F003CDD00524F81 /* STDThreadKit.h */,
				055EF46B1EFBE78100E610CF /* Info.plist */,
			);
			path = STDThreadKit;
			sourceTree = "<group>";
		};
		055EF4741EFBE78100E610CF /* STDThreadKitTests */ = {
			isa = PBXGroup;
			children = (
				052EF6111EFD540F009E9A05 /* Info.plist */,
				055EF4A61EFBE83B00E610CF /* STDThread.swift */,
			);
			path = STDThreadKitTests;
			sourceTree = "<group>";
		};
		05B3A0401F0032BC00524F81 /* Documentation */ = {
			isa = PBXGroup;
			children = (
				05B3A04A1F003D0F00524F81 /* jazzy.yml */,
				05B3A0411F0032BC00524F81 /* Makefile */,
			);
			path = Documentation;
			sourceTree = "<group>";
		};
/* End PBXGroup section */

/* Begin PBXHeadersBuildPhase section */
		055EF4641EFBE78100E610CF /* Headers */ = {
			isa = PBXHeadersBuildPhase;
			buildActionMask = 2147483647;
			files = (
				05B3A0471F003CE100524F81 /* STDThread.h in Headers */,
				05B3A0491F003CE800524F81 /* STDThreadKit.h in Headers */,
			);
			runOnlyForDeploymentPostprocessing = 0;
		};
/* End PBXHeadersBuildPhase section */

/* Begin PBXNativeTarget section */
		055EF4661EFBE78100E610CF /* STDThreadKit */ = {
			isa = PBXNativeTarget;
			buildConfigurationList = 055EF47B1EFBE78100E610CF /* Build configuration list for PBXNativeTarget "STDThreadKit" */;
			buildPhases = (
				055EF4621EFBE78100E610CF /* Sources */,
				055EF4631EFBE78100E610CF /* Frameworks */,
				055EF4641EFBE78100E610CF /* Headers */,
				055EF4651EFBE78100E610CF /* Resources */,
			);
			buildRules = (
			);
			dependencies = (
			);
			name = STDThreadKit;
			productName = AtomicKit;
			productReference = 055EF4671EFBE78100E610CF /* STDThreadKit.framework */;
			productType = "com.apple.product-type.framework";
		};
		055EF46F1EFBE78100E610CF /* STDThreadKitTests */ = {
			isa = PBXNativeTarget;
			buildConfigurationList = 055EF47E1EFBE78100E610CF /* Build configuration list for PBXNativeTarget "STDThreadKitTests" */;
			buildPhases = (
				055EF46C1EFBE78100E610CF /* Sources */,
				055EF46D1EFBE78100E610CF /* Frameworks */,
				055EF46E1EFBE78100E610CF /* Resources */,
			);
			buildRules = (
			);
			dependencies = (
				055EF4731EFBE78100E610CF /* PBXTargetDependency */,
			);
			name = STDThreadKitTests;
			productName = AtomicKitTests;
			productReference = 055EF4701EFBE78100E610CF /* STDThreadKitTests.xctest */;
			productType = "com.apple.product-type.bundle.unit-test";
		};
/* End PBXNativeTarget section */

/* Begin PBXProject section */
		055EF45E1EFBE78100E610CF /* Project object */ = {
			isa = PBXProject;
			attributes = {
				LastSwiftUpdateCheck = 0900;
				LastUpgradeCheck = 0900;
				ORGANIZATIONNAME = "XS-Labs";
				TargetAttributes = {
					055EF4661EFBE78100E610CF = {
						CreatedOnToolsVersion = 9.0;
						LastSwiftMigration = 0900;
						ProvisioningStyle = Automatic;
					};
					055EF46F1EFBE78100E610CF = {
						CreatedOnToolsVersion = 9.0;
						LastSwiftMigration = 0900;
						ProvisioningStyle = Automatic;
					};
				};
			};
			buildConfigurationList = 055EF4611EFBE78100E610CF /* Build configuration list for PBXProject "STDThreadKit" */;
			compatibilityVersion = "Xcode 8.0";
			developmentRegion = en;
			hasScannedForEncodings = 0;
			knownRegions = (
				en,
			);
			mainGroup = 055EF45D1EFBE78100E610CF;
			productRefGroup = 055EF4681EFBE78100E610CF /* Products */;
			projectDirPath = "";
			projectRoot = "";
			targets = (
				055EF4661EFBE78100E610CF /* STDThreadKit */,
				055EF46F1EFBE78100E610CF /* STDThreadKitTests */,
			);
		};
/* End PBXProject section */

/* Begin PBXResourcesBuildPhase section */
		055EF4651EFBE78100E610CF /* Resources */ = {
			isa = PBXResourcesBuildPhase;
			buildActionMask = 2147483647;
			files = (
			);
			runOnlyForDeploymentPostprocessing = 0;
		};
		055EF46E1EFBE78100E610CF /* Resources */ = {
			isa = PBXResourcesBuildPhase;
			buildActionMask = 2147483647;
			files = (
			);
			runOnlyForDeploymentPostprocessing = 0;
		};
/* End PBXResourcesBuildPhase section */

/* Begin PBXSourcesBuildPhase section */
		055EF4621EFBE78100E610CF /* Sources */ = {
			isa = PBXSourcesBuildPhase;
			buildActionMask = 2147483647;
			files = (
				05B3A0481F003CE500524F81 /* STDThread.mm in Sources */,
			);
			runOnlyForDeploymentPostprocessing = 0;
		};
		055EF46C1EFBE78100E610CF /* Sources */ = {
			isa = PBXSourcesBuildPhase;
			buildActionMask = 2147483647;
			files = (
				055EF4AA1EFBE83E00E610CF /* STDThread.swift in Sources */,
			);
			runOnlyForDeploymentPostprocessing = 0;
		};
/* End PBXSourcesBuildPhase section */

/* Begin PBXTargetDependency section */
		055EF4731EFBE78100E610CF /* PBXTargetDependency */ = {
			isa = PBXTargetDependency;
			target = 055EF4661EFBE78100E610CF /* STDThreadKit */;
			targetProxy = 055EF4721EFBE78100E610CF /* PBXContainerItemProxy */;
		};
/* End PBXTargetDependency section */

/* Begin XCBuildConfiguration section */
		055EF4791EFBE78100E610CF /* Debug */ = {
			isa = XCBuildConfiguration;
			baseConfigurationReference = 0554F923227A03BE00A6D652 /* Debug.xcconfig */;
			buildSettings = {
				MACOSX_DEPLOYMENT_TARGET = 10.9;
			};
			name = Debug;
		};
		055EF47A1EFBE78100E610CF /* Release */ = {
			isa = XCBuildConfiguration;
			baseConfigurationReference = 0554F924227A03BE00A6D652 /* Release.xcconfig */;
			buildSettings = {
				MACOSX_DEPLOYMENT_TARGET = 10.9;
			};
			name = Release;
		};
		055EF47C1EFBE78100E610CF /* Debug */ = {
			isa = XCBuildConfiguration;
			buildSettings = {
				DEFINES_MODULE = YES;
				DYLIB_COMPATIBILITY_VERSION = 1;
				DYLIB_CURRENT_VERSION = 1;
				DYLIB_INSTALL_NAME_BASE = "@rpath";
				FRAMEWORK_VERSION = A;
				INFOPLIST_FILE = STDThreadKit/Info.plist;
				LD_RUNPATH_SEARCH_PATHS = "$(inherited) @executable_path/../Frameworks @loader_path/Frameworks";
				PRODUCT_BUNDLE_IDENTIFIER = "com.xs-labs.STDThreadKit";
				PRODUCT_NAME = "$(TARGET_NAME:c99extidentifier)";
				SKIP_INSTALL = YES;
			};
			name = Debug;
		};
		055EF47D1EFBE78100E610CF /* Release */ = {
			isa = XCBuildConfiguration;
			buildSettings = {
				DEFINES_MODULE = YES;
				DYLIB_COMPATIBILITY_VERSION = 1;
				DYLIB_CURRENT_VERSION = 1;
				DYLIB_INSTALL_NAME_BASE = "@rpath";
				FRAMEWORK_VERSION = A;
				INFOPLIST_FILE = STDThreadKit/Info.plist;
				LD_RUNPATH_SEARCH_PATHS = "$(inherited) @executable_path/../Frameworks @loader_path/Frameworks";
				PRODUCT_BUNDLE_IDENTIFIER = "com.xs-labs.STDThreadKit";
				PRODUCT_NAME = "$(TARGET_NAME:c99extidentifier)";
				SKIP_INSTALL = YES;
			};
			name = Release;
		};
		055EF47F1EFBE78100E610CF /* Debug */ = {
			isa = XCBuildConfiguration;
			buildSettings = {
				INFOPLIST_FILE = STDThreadKitTests/Info.plist;
				LD_RUNPATH_SEARCH_PATHS = "$(inherited) @executable_path/../Frameworks @loader_path/../Frameworks";
				PRODUCT_BUNDLE_IDENTIFIER = "com.xs-labs.STDThreadKitTests";
				PRODUCT_NAME = "$(TARGET_NAME)";
			};
			name = Debug;
		};
		055EF4801EFBE78100E610CF /* Release */ = {
			isa = XCBuildConfiguration;
			buildSettings = {
				INFOPLIST_FILE = STDThreadKitTests/Info.plist;
				LD_RUNPATH_SEARCH_PATHS = "$(inherited) @executable_path/../Frameworks @loader_path/../Frameworks";
				PRODUCT_BUNDLE_IDENTIFIER = "com.xs-labs.STDThreadKitTests";
				PRODUCT_NAME = "$(TARGET_NAME)";
			};
			name = Release;
		};
/* End XCBuildConfiguration section */

/* Begin XCConfigurationList section */
		055EF4611EFBE78100E610CF /* Build configuration list for PBXProject "STDThreadKit" */ = {
			isa = XCConfigurationList;
			buildConfigurations = (
				055EF4791EFBE78100E610CF /* Debug */,
				055EF47A1EFBE78100E610CF /* Release */,
			);
			defaultConfigurationIsVisible = 0;
			defaultConfigurationName = Release;
		};
		055EF47B1EFBE78100E610CF /* Build configuration list for PBXNativeTarget "STDThreadKit" */ = {
			isa = XCConfigurationList;
			buildConfigurations = (
				055EF47C1EFBE78100E610CF /* Debug */,
				055EF47D1EFBE78100E610CF /* Release */,
			);
			defaultConfigurationIsVisible = 0;
			defaultConfigurationName = Release;
		};
		055EF47E1EFBE78100E610CF /* Build configuration list for PBXNativeTarget "STDThreadKitTests" */ = {
			isa = XCConfigurationList;
			buildConfigurations = (
				055EF47F1EFBE78100E610CF /* Debug */,
				055EF4801EFBE78100E610CF /* Release */,
			);
			defaultConfigurationIsVisible = 0;
			defaultConfigurationName = Release;
		};
/* End XCConfigurationList section */
	};
	rootObject = 055EF45E1EFBE78100E610CF /* Project object */;
}
